// !$*UTF8*$!
{
	archiveVersion = 1;
	classes = {
	};
	objectVersion = 46;
	objects = {

/* Begin PBXBuildFile section */
		9DD9D29D1EE0516300F3046B /* main.m in Sources */ = {isa = PBXBuildFile; fileRef = 9DD9D29C1EE0516300F3046B /* main.m */; };
		9DD9D2A01EE0516300F3046B /* AppDelegate.m in Sources */ = {isa = PBXBuildFile; fileRef = 9DD9D29F1EE0516300F3046B /* AppDelegate.m */; };
		9DD9D2A31EE0516300F3046B /* ViewController.m in Sources */ = {isa = PBXBuildFile; fileRef = 9DD9D2A21EE0516300F3046B /* ViewController.m */; };
		9DD9D2A61EE0516300F3046B /* Main.storyboard in Resources */ = {isa = PBXBuildFile; fileRef = 9DD9D2A41EE0516300F3046B /* Main.storyboard */; };
		9DD9D2A81EE0516300F3046B /* Assets.xcassets in Resources */ = {isa = PBXBuildFile; fileRef = 9DD9D2A71EE0516300F3046B /* Assets.xcassets */; };
		9DD9D2AB1EE0516300F3046B /* LaunchScreen.storyboard in Resources */ = {isa = PBXBuildFile; fileRef = 9DD9D2A91EE0516300F3046B /* LaunchScreen.storyboard */; };
		9DD9D2B51EE051A600F3046B /* UIColor+Extension.m in Sources */ = {isa = PBXBuildFile; fileRef = 9DD9D2B41EE051A600F3046B /* UIColor+Extension.m */; };
/* End PBXBuildFile section */

/* Begin PBXFileReference section */
		9DD9D2981EE0516300F3046B /* UIColorHexa.app */ = {isa = PBXFileReference; explicitFileType = wrapper.application; includeInIndex = 0; path = UIColorHexa.app; sourceTree = BUILT_PRODUCTS_DIR; };
		9DD9D29C1EE0516300F3046B /* main.m */ = {isa = PBXFileReference; lastKnownFileType = sourcecode.c.objc; path = main.m; sourceTree = "<group>"; };
		9DD9D29E1EE0516300F3046B /* AppDelegate.h */ = {isa = PBXFileReference; lastKnownFileType = sourcecode.c.h; path = AppDelegate.h; sourceTree = "<group>"; };
		9DD9D29F1EE0516300F3046B /* AppDelegate.m */ = {isa = PBXFileReference; lastKnownFileType = sourcecode.c.objc; path = AppDelegate.m; sourceTree = "<group>"; };
		9DD9D2A11EE0516300F3046B /* ViewController.h */ = {isa = PBXFileReference; lastKnownFileType = sourcecode.c.h; path = ViewController.h; sourceTree = "<group>"; };
		9DD9D2A21EE0516300F3046B /* ViewController.m */ = {isa = PBXFileReference; lastKnownFileType = sourcecode.c.objc; path = ViewController.m; sourceTree = "<group>"; };
		9DD9D2A51EE0516300F3046B /* Base */ = {isa = PBXFileReference; lastKnownFileType = file.storyboard; name = Base; path = Base.lproj/Main.storyboard; sourceTree = "<group>"; };
		9DD9D2A71EE0516300F3046B /* Assets.xcassets */ = {isa = PBXFileReference; lastKnownFileType = folder.assetcatalog; path = Assets.xcassets; sourceTree = "<group>"; };
		9DD9D2AA1EE0516300F3046B /* Base */ = {isa = PBXFileReference; lastKnownFileType = file.storyboard; name = Base; path = Base.lproj/LaunchScreen.storyboard; sourceTree = "<group>"; };
		9DD9D2AC1EE0516300F3046B /* Info.plist */ = {isa = PBXFileReference; lastKnownFileType = text.plist.xml; path = Info.plist; sourceTree = "<group>"; };
		9DD9D2B31EE051A600F3046B /* UIColor+Extension.h */ = {isa = PBXFileReference; fileEncoding = 4; lastKnownFileType = sourcecode.c.h; path = "UIColor+Extension.h"; sourceTree = "<group>"; };
		9DD9D2B41EE051A600F3046B /* UIColor+Extension.m */ = {isa = PBXFileReference; fileEncoding = 4; lastKnownFileType = sourcecode.c.objc; path = "UIColor+Extension.m"; sourceTree = "<group>"; };
/* End PBXFileReference section */

/* Begin PBXFrameworksBuildPhase section */
		9DD9D2951EE0516300F3046B /* Frameworks */ = {
			isa = PBXFrameworksBuildPhase;
			buildActionMask = 2147483647;
			files = (
			);
			runOnlyForDeploymentPostprocessing = 0;
		};
/* End PBXFrameworksBuildPhase section */

/* Begin PBXGroup section */
		9DD9D28F1EE0516300F3046B = {
			isa = PBXGroup;
			children = (
				9DD9D29A1EE0516300F3046B /* UIColorHexa */,
				9DD9D2991EE0516300F3046B /* Products */,
			);
			sourceTree = "<group>";
		};
		9DD9D2991EE0516300F3046B /* Products */ = {
			isa = PBXGroup;
			children = (
				9DD9D2981EE0516300F3046B /* UIColorHexa.app */,
			);
			name = Products;
			sourceTree = "<group>";
		};
		9DD9D29A1EE0516300F3046B /* UIColorHexa */ = {
			isa = PBXGroup;
			children = (
				9DD9D2B21EE0518B00F3046B /* Categories */,
				9DD9D2B81EE0527700F3046B /* Controllers */,
				9DD9D2B71EE0526300F3046B /* User Interface */,
				9DD9D2B61EE0524B00F3046B /* Root */,
				9DD9D2A71EE0516300F3046B /* Assets.xcassets */,
				9DD9D29B1EE0516300F3046B /* Supporting Files */,
			);
			path = UIColorHexa;
			sourceTree = "<group>";
		};
		9DD9D29B1EE0516300F3046B /* Supporting Files */ = {
			isa = PBXGroup;
			children = (
				9DD9D2AC1EE0516300F3046B /* Info.plist */,
				9DD9D29C1EE0516300F3046B /* main.m */,
			);
			name = "Supporting Files";
			sourceTree = "<group>";
		};
		9DD9D2B21EE0518B00F3046B /* Categories */ = {
			isa = PBXGroup;
			children = (
				9DD9D2B31EE051A600F3046B /* UIColor+Extension.h */,
				9DD9D2B41EE051A600F3046B /* UIColor+Extension.m */,
			);
			name = Categories;
			sourceTree = "<group>";
		};
		9DD9D2B61EE0524B00F3046B /* Root */ = {
			isa = PBXGroup;
			children = (
				9DD9D29E1EE0516300F3046B /* AppDelegate.h */,
				9DD9D29F1EE0516300F3046B /* AppDelegate.m */,
			);
			name = Root;
			sourceTree = "<group>";
		};
		9DD9D2B71EE0526300F3046B /* User Interface */ = {
			isa = PBXGroup;
			children = (
				9DD9D2A41EE0516300F3046B /* Main.storyboard */,
				9DD9D2A91EE0516300F3046B /* LaunchScreen.storyboard */,
			);
			name = "User Interface";
			sourceTree = "<group>";
		};
		9DD9D2B81EE0527700F3046B /* Controllers */ = {
			isa = PBXGroup;
			children = (
				9DD9D2A11EE0516300F3046B /* ViewController.h */,
				9DD9D2A21EE0516300F3046B /* ViewController.m */,
			);
			name = Controllers;
			sourceTree = "<group>";
		};
/* End PBXGroup section */

/* Begin PBXNativeTarget section */
		9DD9D2971EE0516300F3046B /* UIColorHexa */ = {
			isa = PBXNativeTarget;
			buildConfigurationList = 9DD9D2AF1EE0516300F3046B /* Build configuration list for PBXNativeTarget "UIColorHexa" */;
			buildPhases = (
				9DD9D2941EE0516300F3046B /* Sources */,
				9DD9D2951EE0516300F3046B /* Frameworks */,
				9DD9D2961EE0516300F3046B /* Resources */,
			);
			buildRules = (
			);
			dependencies = (
			);
			name = UIColorHexa;
			productName = UIColorHexa;
			productReference = 9DD9D2981EE0516300F3046B /* UIColorHexa.app */;
			productType = "com.apple.product-type.application";
		};
/* End PBXNativeTarget section */

/* Begin PBXProject section */
		9DD9D2901EE0516300F3046B /* Project object */ = {
			isa = PBXProject;
			attributes = {
				LastUpgradeCheck = 0830;
				ORGANIZATIONNAME = MAS;
				TargetAttributes = {
					9DD9D2971EE0516300F3046B = {
						CreatedOnToolsVersion = 8.3.1;
						ProvisioningStyle = Automatic;
					};
				};
			};
			buildConfigurationList = 9DD9D2931EE0516300F3046B /* Build configuration list for PBXProject "UIColorHexa" */;
			compatibilityVersion = "Xcode 3.2";
			developmentRegion = English;
			hasScannedForEncodings = 0;
			knownRegions = (
				en,
				Base,
			);
			mainGroup = 9DD9D28F1EE0516300F3046B;
			productRefGroup = 9DD9D2991EE0516300F3046B /* Products */;
			projectDirPath = "";
			projectRoot = "";
			targets = (
				9DD9D2971EE0516300F3046B /* UIColorHexa */,
			);
		};
/* End PBXProject section */

/* Begin PBXResourcesBuildPhase section */
		9DD9D2961EE0516300F3046B /* Resources */ = {
			isa = PBXResourcesBuildPhase;
			buildActionMask = 2147483647;
			files = (
				9DD9D2AB1EE0516300F3046B /* LaunchScreen.storyboard in Resources */,
				9DD9D2A81EE0516300F3046B /* Assets.xcassets in Resources */,
				9DD9D2A61EE0516300F3046B /* Main.storyboard in Resources */,
			);
			runOnlyForDeploymentPostprocessing = 0;
		};
/* End PBXResourcesBuildPhase section */

/* Begin PBXSourcesBuildPhase section */
		9DD9D2941EE0516300F3046B /* Sources */ = {
			isa = PBXSourcesBuildPhase;
			buildActionMask = 2147483647;
			files = (
				9DD9D2A31EE0516300F3046B /* ViewController.m in Sources */,
				9DD9D2A01EE0516300F3046B /* AppDelegate.m in Sources */,
				9DD9D29D1EE0516300F3046B /* main.m in Sources */,
				9DD9D2B51EE051A600F3046B /* UIColor+Extension.m in Sources */,
			);
			runOnlyForDeploymentPostprocessing = 0;
		};
/* End PBXSourcesBuildPhase section */

/* Begin PBXVariantGroup section */
		9DD9D2A41EE0516300F3046B /* Main.storyboard */ = {
			isa = PBXVariantGroup;
			children = (
				9DD9D2A51EE0516300F3046B /* Base */,
			);
			name = Main.storyboard;
			sourceTree = "<group>";
		};
		9DD9D2A91EE0516300F3046B /* LaunchScreen.storyboard */ = {
			isa = PBXVariantGroup;
			children = (
				9DD9D2AA1EE0516300F3046B /* Base */,
			);
			name = LaunchScreen.storyboard;
			sourceTree = "<group>";
		};
/* End PBXVariantGroup section */

/* Begin XCBuildConfiguration section */
		9DD9D2AD1EE0516300F3046B /* Debug */ = {
			isa = XCBuildConfiguration;
			buildSettings = {
				ALWAYS_SEARCH_USER_PATHS = NO;
				CLANG_ANALYZER_NONNULL = YES;
				CLANG_ANALYZER_NUMBER_OBJECT_CONVERSION = YES_AGGRESSIVE;
				CLANG_CXX_LANGUAGE_STANDARD = "gnu++0x";
				CLANG_CXX_LIBRARY = "libc++";
				CLANG_ENABLE_MODULES = YES;
				CLANG_ENABLE_OBJC_ARC = YES;
				CLANG_WARN_BOOL_CONVERSION = YES;
				CLANG_WARN_CONSTANT_CONVERSION = YES;
				CLANG_WARN_DIRECT_OBJC_ISA_USAGE = YES_ERROR;
				CLANG_WARN_DOCUMENTATION_COMMENTS = YES;
				CLANG_WARN_EMPTY_BODY = YES;
				CLANG_WARN_ENUM_CONVERSION = YES;
				CLANG_WARN_INFINITE_RECURSION = YES;
				CLANG_WARN_INT_CONVERSION = YES;
				CLANG_WARN_OBJC_ROOT_CLASS = YES_ERROR;
				CLANG_WARN_SUSPICIOUS_MOVE = YES;
				CLANG_WARN_UNREACHABLE_CODE = YES;
				CLANG_WARN__DUPLICATE_METHOD_MATCH = YES;
				"CODE_SIGN_IDENTITY[sdk=iphoneos*]" = "iPhone Developer";
				COPY_PHASE_STRIP = NO;
				DEBUG_INFORMATION_FORMAT = dwarf;
				ENABLE_STRICT_OBJC_MSGSEND = YES;
				ENABLE_TESTABILITY = YES;
				GCC_C_LANGUAGE_STANDARD = gnu99;
				GCC_DYNAMIC_NO_PIC = NO;
				GCC_NO_COMMON_BLOCKS = YES;
				GCC_OPTIMIZATION_LEVEL = 0;
				GCC_PREPROCESSOR_DEFINITIONS = (
					"DEBUG=1",
					"$(inherited)",
				);
				GCC_WARN_64_TO_32_BIT_CONVERSION = YES;
				GCC_WARN_ABOUT_RETURN_TYPE = YES_ERROR;
				GCC_WARN_UNDECLARED_SELECTOR = YES;
				GCC_WARN_UNINITIALIZED_AUTOS = YES_AGGRESSIVE;
				GCC_WARN_UNUSED_FUNCTION = YES;
				GCC_WARN_UNUSED_VARIABLE = YES;
				IPHONEOS_DEPLOYMENT_TARGET = 10.3;
				MTL_ENABLE_DEBUG_INFO = YES;
				ONLY_ACTIVE_ARCH = YES;
				SDKROOT = iphoneos;
			};
			name = Debug;
		};
		9DD9D2AE1EE0516300F3046B /* Release */ = {
			isa = XCBuildConfiguration;
			buildSettings = {
				ALWAYS_SEARCH_USER_PATHS = NO;
				CLANG_ANALYZER_NONNULL = YES;
				CLANG_ANALYZER_NUMBER_OBJECT_CONVERSION = YES_AGGRESSIVE;
				CLANG_CXX_LANGUAGE_STANDARD = "gnu++0x";
				CLANG_CXX_LIBRARY = "libc++";
				CLANG_ENABLE_MODULES = YES;
				CLANG_ENABLE_OBJC_ARC = YES;
				CLANG_WARN_BOOL_CONVERSION = YES;
				CLANG_WARN_CONSTANT_CONVERSION = YES;
				CLANG_WARN_DIRECT_OBJC_ISA_USAGE = YES_ERROR;
				CLANG_WARN_DOCUMENTATION_COMMENTS = YES;
				CLANG_WARN_EMPTY_BODY = YES;
				CLANG_WARN_ENUM_CONVERSION = YES;
				CLANG_WARN_INFINITE_RECURSION = YES;
				CLANG_WARN_INT_CONVERSION = YES;
				CLANG_WARN_OBJC_ROOT_CLASS = YES_ERROR;
				CLANG_WARN_SUSPICIOUS_MOVE = YES;
				CLANG_WARN_UNREACHABLE_CODE = YES;
				CLANG_WARN__DUPLICATE_METHOD_MATCH = YES;
				"CODE_SIGN_IDENTITY[sdk=iphoneos*]" = "iPhone Developer";
				COPY_PHASE_STRIP = NO;
				DEBUG_INFORMATION_FORMAT = "dwarf-with-dsym";
				ENABLE_NS_ASSERTIONS = NO;
				ENABLE_STRICT_OBJC_MSGSEND = YES;
				GCC_C_LANGUAGE_STANDARD = gnu99;
				GCC_NO_COMMON_BLOCKS = YES;
				GCC_WARN_64_TO_32_BIT_CONVERSION = YES;
				GCC_WARN_ABOUT_RETURN_TYPE = YES_ERROR;
				GCC_WARN_UNDECLARED_SELECTOR = YES;
				GCC_WARN_UNINITIALIZED_AUTOS = YES_AGGRESSIVE;
				GCC_WARN_UNUSED_FUNCTION = YES;
				GCC_WARN_UNUSED_VARIABLE = YES;
				IPHONEOS_DEPLOYMENT_TARGET = 10.3;
				MTL_ENABLE_DEBUG_INFO = NO;
				SDKROOT = iphoneos;
				VALIDATE_PRODUCT = YES;
			};
			name = Release;
		};
		9DD9D2B01EE0516300F3046B /* Debug */ = {
			isa = XCBuildConfiguration;
			buildSettings = {
				ASSETCATALOG_COMPILER_APPICON_NAME = AppIcon;
				DEVELOPMENT_TEAM = "";
				INFOPLIST_FILE = UIColorHexa/Info.plist;
				LD_RUNPATH_SEARCH_PATHS = "$(inherited) @executable_path/Frameworks";
				PRODUCT_BUNDLE_IDENTIFIER = MAS.UIColorHexa;
				PRODUCT_NAME = "$(TARGET_NAME)";
			};
			name = Debug;
		};
		9DD9D2B11EE0516300F3046B /* Release */ = {
			isa = XCBuildConfiguration;
			buildSettings = {
				ASSETCATALOG_COMPILER_APPICON_NAME = AppIcon;
				DEVELOPMENT_TEAM = "";
				INFOPLIST_FILE = UIColorHexa/Info.plist;
				LD_RUNPATH_SEARCH_PATHS = "$(inherited) @executable_path/Frameworks";
				PRODUCT_BUNDLE_IDENTIFIER = MAS.UIColorHexa;
				PRODUCT_NAME = "$(TARGET_NAME)";
			};
			name = Release;
		};
/* End XCBuildConfiguration section */

/* Begin XCConfigurationList section */
		9DD9D2931EE0516300F3046B /* Build configuration list for PBXProject "UIColorHexa" */ = {
			isa = XCConfigurationList;
			buildConfigurations = (
				9DD9D2AD1EE0516300F3046B /* Debug */,
				9DD9D2AE1EE0516300F3046B /* Release */,
			);
			defaultConfigurationIsVisible = 0;
			defaultConfigurationName = Release;
		};
		9DD9D2AF1EE0516300F3046B /* Build configuration list for PBXNativeTarget "UIColorHexa" */ = {
			isa = XCConfigurationList;
			buildConfigurations = (
				9DD9D2B01EE0516300F3046B /* Debug */,
				9DD9D2B11EE0516300F3046B /* Release */,
			);
			defaultConfigurationIsVisible = 0;
		};
/* End XCConfigurationList section */
	};
	rootObject = 9DD9D2901EE0516300F3046B /* Project object */;
}
